Microsoft Visual Studio Solution File, Format Version 9.00
# Visual Studio 2005
Project("{FAE04EC0-301F-11D3-BF4B-00C04F79EFBC}") = "MotionController.Y2008.M02.proxy", "MotionController.Y2008.M02.proxy.csproj", "{CFBE57BE-CF28-41F3-981B-CED898E8CF15}"
EndProject
Global
	GlobalSection(SolutionConfigurationPlatforms) = preSolution
		Debug|Any CPU = Debug|Any CPU
		Release|Any CPU = Release|Any CPU
	EndGlobalSection
	GlobalSection(ProjectConfigurationPlatforms) = postSolution
		{CFBE57BE-CF28-41F3-981B-CED898E8CF15}.Debug|Any CPU.ActiveCfg = Debug|Any CPU
		{CFBE57BE-CF28-41F3-981B-CED898E8CF15}.Debug|Any CPU.Build.0 = Debug|Any CPU
		{CFBE57BE-CF28-41F3-981B-CED898E8CF15}.Release|Any CPU.ActiveCfg = Release|Any CPU
		{CFBE57BE-CF28-41F3-981B-CED898E8CF15}.Release|Any CPU.Build.0 = Release|Any CPU
	EndGlobalSection
	GlobalSection(SolutionProperties) = preSolution
		HideSolutionNode = FALSE
	EndGlobalSection
EndGlobal