Microsoft Visual Studio Solution File, Format Version 9.00
# Visual Studio 2005
Project("{FAE04EC0-301F-11D3-BF4B-00C04F79EFBC}") = "SampleSimulation.Y2008.M01.proxy", "SampleSimulation.Y2008.M01.proxy.csproj", "{7B608F54-07CC-44B4-B380-BCA4F884D29C}"
EndProject
Global
	GlobalSection(SolutionConfigurationPlatforms) = preSolution
		Debug|Any CPU = Debug|Any CPU
		Release|Any CPU = Release|Any CPU
	EndGlobalSection
	GlobalSection(ProjectConfigurationPlatforms) = postSolution
		{7B608F54-07CC-44B4-B380-BCA4F884D29C}.Debug|Any CPU.ActiveCfg = Debug|Any CPU
		{7B608F54-07CC-44B4-B380-BCA4F884D29C}.Debug|Any CPU.Build.0 = Debug|Any CPU
		{7B608F54-07CC-44B4-B380-BCA4F884D29C}.Release|Any CPU.ActiveCfg = Release|Any CPU
		{7B608F54-07CC-44B4-B380-BCA4F884D29C}.Release|Any CPU.Build.0 = Release|Any CPU
	EndGlobalSection
	GlobalSection(SolutionProperties) = preSolution
		HideSolutionNode = FALSE
	EndGlobalSection
EndGlobal